
Microsoft Visual Studio Solution File, Format Version 12.00
# Visual Studio Version 17
VisualStudioVersion = 17.10.35122.118
MinimumVisualStudioVersion = 10.0.40219.1
Project("{9A19103F-16F7-4668-BE54-9A1E7A4F7556}") = "StudentInsights.Application", "StudentInsights.Application\StudentInsights.Application.csproj", "{5A985674-7560-43F1-9D0E-BA8942983E05}"
EndProject
Project("{9A19103F-16F7-4668-BE54-9A1E7A4F7556}") = "StudentInsights.Domain", "StudentInsights.Domain\StudentInsights.Domain.csproj", "{C28EF275-D5DC-4A90-94CC-63EF6351B95E}"
EndProject
Project("{9A19103F-16F7-4668-BE54-9A1E7A4F7556}") = "StudentInsights.WebApi", "StudentInsights.WebApi\StudentInsights.WebApi.csproj", "{1BBDB992-00B0-405A-8821-886D546937CA}"
EndProject
Project("{9A19103F-16F7-4668-BE54-9A1E7A4F7556}") = "StudentInsights.Infrastructure", "StudentInsights.Infrastructure\StudentInsights.Infrastructure.csproj", "{43E6149D-FE67-4CA3-9A53-AB7EC32E3F2A}"
EndProject
Project("{9A19103F-16F7-4668-BE54-9A1E7A4F7556}") = "StudentInsights.Application.UnitTests", "StudentInsights.Application.UnitTests\StudentInsights.Application.UnitTests.csproj", "{44EB5FF6-4D36-4D5A-A984-751C69C38D8B}"
EndProject
Global
	GlobalSection(SolutionConfigurationPlatforms) = preSolution
		Debug|Any CPU = Debug|Any CPU
		Release|Any CPU = Release|Any CPU
	EndGlobalSection
	GlobalSection(ProjectConfigurationPlatforms) = postSolution
		{5A985674-7560-43F1-9D0E-BA8942983E05}.Debug|Any CPU.ActiveCfg = Debug|Any CPU
		{5A985674-7560-43F1-9D0E-BA8942983E05}.Debug|Any CPU.Build.0 = Debug|Any CPU
		{5A985674-7560-43F1-9D0E-BA8942983E05}.Release|Any CPU.ActiveCfg = Release|Any CPU
		{5A985674-7560-43F1-9D0E-BA8942983E05}.Release|Any CPU.Build.0 = Release|Any CPU
		{C28EF275-D5DC-4A90-94CC-63EF6351B95E}.Debug|Any CPU.ActiveCfg = Debug|Any CPU
		{C28EF275-D5DC-4A90-94CC-63EF6351B95E}.Debug|Any CPU.Build.0 = Debug|Any CPU
		{C28EF275-D5DC-4A90-94CC-63EF6351B95E}.Release|Any CPU.ActiveCfg = Release|Any CPU
		{C28EF275-D5DC-4A90-94CC-63EF6351B95E}.Release|Any CPU.Build.0 = Release|Any CPU
		{1BBDB992-00B0-405A-8821-886D546937CA}.Debug|Any CPU.ActiveCfg = Debug|Any CPU
		{1BBDB992-00B0-405A-8821-886D546937CA}.Debug|Any CPU.Build.0 = Debug|Any CPU
		{1BBDB992-00B0-405A-8821-886D546937CA}.Release|Any CPU.ActiveCfg = Release|Any CPU
		{1BBDB992-00B0-405A-8821-886D546937CA}.Release|Any CPU.Build.0 = Release|Any CPU
		{43E6149D-FE67-4CA3-9A53-AB7EC32E3F2A}.Debug|Any CPU.ActiveCfg = Debug|Any CPU
		{43E6149D-FE67-4CA3-9A53-AB7EC32E3F2A}.Debug|Any CPU.Build.0 = Debug|Any CPU
		{43E6149D-FE67-4CA3-9A53-AB7EC32E3F2A}.Release|Any CPU.ActiveCfg = Release|Any CPU
		{43E6149D-FE67-4CA3-9A53-AB7EC32E3F2A}.Release|Any CPU.Build.0 = Release|Any CPU
		{44EB5FF6-4D36-4D5A-A984-751C69C38D8B}.Debug|Any CPU.ActiveCfg = Debug|Any CPU
		{44EB5FF6-4D36-4D5A-A984-751C69C38D8B}.Debug|Any CPU.Build.0 = Debug|Any CPU
		{44EB5FF6-4D36-4D5A-A984-751C69C38D8B}.Release|Any CPU.ActiveCfg = Release|Any CPU
		{44EB5FF6-4D36-4D5A-A984-751C69C38D8B}.Release|Any CPU.Build.0 = Release|Any CPU
	EndGlobalSection
	GlobalSection(SolutionProperties) = preSolution
		HideSolutionNode = FALSE
	EndGlobalSection
	GlobalSection(ExtensibilityGlobals) = postSolution
		SolutionGuid = {2FDA8A48-3D7A-4746-AFD4-90BF06A3C48B}
	EndGlobalSection
EndGlobal
